// !$*UTF8*$!
{
	archiveVersion = 1;
	classes = {
	};
	objectVersion = 77;
	objects = {

/* Begin PBXContainerItemProxy section */
		711052372CABECD7003E3980 /* PBXContainerItemProxy */ = {
			isa = PBXContainerItemProxy;
			containerPortal = 711052182CABECD5003E3980 /* Project object */;
			proxyType = 1;
			remoteGlobalIDString = 7110521F2CABECD5003E3980;
			remoteInfo = cosnality;
		};
		711052412CABECD7003E3980 /* PBXContainerItemProxy */ = {
			isa = PBXContainerItemProxy;
			containerPortal = 711052182CABECD5003E3980 /* Project object */;
			proxyType = 1;
			remoteGlobalIDString = 7110521F2CABECD5003E3980;
			remoteInfo = cosnality;
		};
/* End PBXContainerItemProxy section */

/* Begin PBXFileReference section */
		711052202CABECD5003E3980 /* cosnality.app */ = {isa = PBXFileReference; explicitFileType = wrapper.application; includeInIndex = 0; path = cosnality.app; sourceTree = BUILT_PRODUCTS_DIR; };
		711052362CABECD7003E3980 /* cosnalityTests.xctest */ = {isa = PBXFileReference; explicitFileType = wrapper.cfbundle; includeInIndex = 0; path = cosnalityTests.xctest; sourceTree = BUILT_PRODUCTS_DIR; };
		711052402CABECD7003E3980 /* cosnalityUITests.xctest */ = {isa = PBXFileReference; explicitFileType = wrapper.cfbundle; includeInIndex = 0; path = cosnalityUITests.xctest; sourceTree = BUILT_PRODUCTS_DIR; };
/* End PBXFileReference section */

/* Begin PBXFileSystemSynchronizedBuildFileExceptionSet section */
		711052482CABECD7003E3980 /* Exceptions for "cosnality" folder in "cosnality" target */ = {
			isa = PBXFileSystemSynchronizedBuildFileExceptionSet;
			membershipExceptions = (
				Info.plist,
			);
			target = 7110521F2CABECD5003E3980 /* cosnality */;
		};
/* End PBXFileSystemSynchronizedBuildFileExceptionSet section */

/* Begin PBXFileSystemSynchronizedRootGroup section */
		711052222CABECD5003E3980 /* cosnality */ = {
			isa = PBXFileSystemSynchronizedRootGroup;
			exceptions = (
				711052482CABECD7003E3980 /* Exceptions for "cosnality" folder in "cosnality" target */,
			);
			path = cosnality;
			sourceTree = "<group>";
		};
		711052392CABECD7003E3980 /* cosnalityTests */ = {
			isa = PBXFileSystemSynchronizedRootGroup;
			path = cosnalityTests;
			sourceTree = "<group>";
		};
		711052432CABECD7003E3980 /* cosnalityUITests */ = {
			isa = PBXFileSystemSynchronizedRootGroup;
			path = cosnalityUITests;
			sourceTree = "<group>";
		};
/* End PBXFileSystemSynchronizedRootGroup section */

/* Begin PBXFrameworksBuildPhase section */
		7110521D2CABECD5003E3980 /* Frameworks */ = {
			isa = PBXFrameworksBuildPhase;
			buildActionMask = 2147483647;
			files = (
			);
			runOnlyForDeploymentPostprocessing = 0;
		};
		711052332CABECD7003E3980 /* Frameworks */ = {
			isa = PBXFrameworksBuildPhase;
			buildActionMask = 2147483647;
			files = (
			);
			runOnlyForDeploymentPostprocessing = 0;
		};
		7110523D2CABECD7003E3980 /* Frameworks */ = {
			isa = PBXFrameworksBuildPhase;
			buildActionMask = 2147483647;
			files = (
			);
			runOnlyForDeploymentPostprocessing = 0;
		};
/* End PBXFrameworksBuildPhase section */

/* Begin PBXGroup section */
		711052172CABECD5003E3980 = {
			isa = PBXGroup;
			children = (
				711052222CABECD5003E3980 /* cosnality */,
				711052392CABECD7003E3980 /* cosnalityTests */,
				711052432CABECD7003E3980 /* cosnalityUITests */,
				711052212CABECD5003E3980 /* Products */,
			);
			sourceTree = "<group>";
		};
		711052212CABECD5003E3980 /* Products */ = {
			isa = PBXGroup;
			children = (
				711052202CABECD5003E3980 /* cosnality.app */,
				711052362CABECD7003E3980 /* cosnalityTests.xctest */,
				711052402CABECD7003E3980 /* cosnalityUITests.xctest */,
			);
			name = Products;
			sourceTree = "<group>";
		};
/* End PBXGroup section */

/* Begin PBXNativeTarget section */
		7110521F2CABECD5003E3980 /* cosnality */ = {
			isa = PBXNativeTarget;
			buildConfigurationList = 711052492CABECD7003E3980 /* Build configuration list for PBXNativeTarget "cosnality" */;
			buildPhases = (
				7110521C2CABECD5003E3980 /* Sources */,
				7110521D2CABECD5003E3980 /* Frameworks */,
				7110521E2CABECD5003E3980 /* Resources */,
			);
			buildRules = (
			);
			dependencies = (
			);
			fileSystemSynchronizedGroups = (
				711052222CABECD5003E3980 /* cosnality */,
			);
			name = cosnality;
			packageProductDependencies = (
			);
			productName = cosnality;
			productReference = 711052202CABECD5003E3980 /* cosnality.app */;
			productType = "com.apple.product-type.application";
		};
		711052352CABECD7003E3980 /* cosnalityTests */ = {
			isa = PBXNativeTarget;
			buildConfigurationList = 7110524E2CABECD7003E3980 /* Build configuration list for PBXNativeTarget "cosnalityTests" */;
			buildPhases = (
				711052322CABECD7003E3980 /* Sources */,
				711052332CABECD7003E3980 /* Frameworks */,
				711052342CABECD7003E3980 /* Resources */,
			);
			buildRules = (
			);
			dependencies = (
				711052382CABECD7003E3980 /* PBXTargetDependency */,
			);
			fileSystemSynchronizedGroups = (
				711052392CABECD7003E3980 /* cosnalityTests */,
			);
			name = cosnalityTests;
			packageProductDependencies = (
			);
			productName = cosnalityTests;
			productReference = 711052362CABECD7003E3980 /* cosnalityTests.xctest */;
			productType = "com.apple.product-type.bundle.unit-test";
		};
		7110523F2CABECD7003E3980 /* cosnalityUITests */ = {
			isa = PBXNativeTarget;
			buildConfigurationList = 711052512CABECD7003E3980 /* Build configuration list for PBXNativeTarget "cosnalityUITests" */;
			buildPhases = (
				7110523C2CABECD7003E3980 /* Sources */,
				7110523D2CABECD7003E3980 /* Frameworks */,
				7110523E2CABECD7003E3980 /* Resources */,
			);
			buildRules = (
			);
			dependencies = (
				711052422CABECD7003E3980 /* PBXTargetDependency */,
			);
			fileSystemSynchronizedGroups = (
				711052432CABECD7003E3980 /* cosnalityUITests */,
			);
			name = cosnalityUITests;
			packageProductDependencies = (
			);
			productName = cosnalityUITests;
			productReference = 711052402CABECD7003E3980 /* cosnalityUITests.xctest */;
			productType = "com.apple.product-type.bundle.ui-testing";
		};
/* End PBXNativeTarget section */

/* Begin PBXProject section */
		711052182CABECD5003E3980 /* Project object */ = {
			isa = PBXProject;
			attributes = {
				BuildIndependentTargetsInParallel = 1;
				LastSwiftUpdateCheck = 1600;
				LastUpgradeCheck = 1600;
				TargetAttributes = {
					7110521F2CABECD5003E3980 = {
						CreatedOnToolsVersion = 16.0;
					};
					711052352CABECD7003E3980 = {
						CreatedOnToolsVersion = 16.0;
						TestTargetID = 7110521F2CABECD5003E3980;
					};
					7110523F2CABECD7003E3980 = {
						CreatedOnToolsVersion = 16.0;
						TestTargetID = 7110521F2CABECD5003E3980;
					};
				};
			};
			buildConfigurationList = 7110521B2CABECD5003E3980 /* Build configuration list for PBXProject "cosnality" */;
			developmentRegion = en;
			hasScannedForEncodings = 0;
			knownRegions = (
				en,
				Base,
			);
			mainGroup = 711052172CABECD5003E3980;
			minimizedProjectReferenceProxies = 1;
			preferredProjectObjectVersion = 77;
			productRefGroup = 711052212CABECD5003E3980 /* Products */;
			projectDirPath = "";
			projectRoot = "";
			targets = (
				7110521F2CABECD5003E3980 /* cosnality */,
				711052352CABECD7003E3980 /* cosnalityTests */,
				7110523F2CABECD7003E3980 /* cosnalityUITests */,
			);
		};
/* End PBXProject section */

/* Begin PBXResourcesBuildPhase section */
		7110521E2CABECD5003E3980 /* Resources */ = {
			isa = PBXResourcesBuildPhase;
			buildActionMask = 2147483647;
			files = (
			);
			runOnlyForDeploymentPostprocessing = 0;
		};
		711052342CABECD7003E3980 /* Resources */ = {
			isa = PBXResourcesBuildPhase;
			buildActionMask = 2147483647;
			files = (
			);
			runOnlyForDeploymentPostprocessing = 0;
		};
		7110523E2CABECD7003E3980 /* Resources */ = {
			isa = PBXResourcesBuildPhase;
			buildActionMask = 2147483647;
			files = (
			);
			runOnlyForDeploymentPostprocessing = 0;
		};
/* End PBXResourcesBuildPhase section */

/* Begin PBXSourcesBuildPhase section */
		7110521C2CABECD5003E3980 /* Sources */ = {
			isa = PBXSourcesBuildPhase;
			buildActionMask = 2147483647;
			files = (
			);
			runOnlyForDeploymentPostprocessing = 0;
		};
		711052322CABECD7003E3980 /* Sources */ = {
			isa = PBXSourcesBuildPhase;
			buildActionMask = 2147483647;
			files = (
			);
			runOnlyForDeploymentPostprocessing = 0;
		};
		7110523C2CABECD7003E3980 /* Sources */ = {
			isa = PBXSourcesBuildPhase;
			buildActionMask = 2147483647;
			files = (
			);
			runOnlyForDeploymentPostprocessing = 0;
		};
/* End PBXSourcesBuildPhase section */

/* Begin PBXTargetDependency section */
		711052382CABECD7003E3980 /* PBXTargetDependency */ = {
			isa = PBXTargetDependency;
			target = 7110521F2CABECD5003E3980 /* cosnality */;
			targetProxy = 711052372CABECD7003E3980 /* PBXContainerItemProxy */;
		};
		711052422CABECD7003E3980 /* PBXTargetDependency */ = {
			isa = PBXTargetDependency;
			target = 7110521F2CABECD5003E3980 /* cosnality */;
			targetProxy = 711052412CABECD7003E3980 /* PBXContainerItemProxy */;
		};
/* End PBXTargetDependency section */

/* Begin XCBuildConfiguration section */
		7110524A2CABECD7003E3980 /* Debug */ = {
			isa = XCBuildConfiguration;
			buildSettings = {
				ASSETCATALOG_COMPILER_APPICON_NAME = AppIcon;
				ASSETCATALOG_COMPILER_GLOBAL_ACCENT_COLOR_NAME = AccentColor;
				CODE_SIGN_STYLE = Automatic;
				CURRENT_PROJECT_VERSION = 1;
				DEVELOPMENT_TEAM = 362JNJ8XPK;
				GENERATE_INFOPLIST_FILE = YES;
				INFOPLIST_FILE = cosnality/Info.plist;
				INFOPLIST_KEY_UIApplicationSupportsIndirectInputEvents = YES;
				INFOPLIST_KEY_UILaunchStoryboardName = LaunchScreen;
				INFOPLIST_KEY_UIMainStoryboardFile = Main;
				INFOPLIST_KEY_UISupportedInterfaceOrientations_iPad = "UIInterfaceOrientationPortrait UIInterfaceOrientationPortraitUpsideDown UIInterfaceOrientationLandscapeLeft UIInterfaceOrientationLandscapeRight";
				INFOPLIST_KEY_UISupportedInterfaceOrientations_iPhone = "UIInterfaceOrientationPortrait UIInterfaceOrientationLandscapeLeft UIInterfaceOrientationLandscapeRight";
				LD_RUNPATH_SEARCH_PATHS = (
					"$(inherited)",
					"@executable_path/Frameworks",
				);
				MARKETING_VERSION = 1.0;
				PRODUCT_BUNDLE_IDENTIFIER = tansxx.cosnality;
				PRODUCT_NAME = "$(TARGET_NAME)";
				SWIFT_EMIT_LOC_STRINGS = YES;
				SWIFT_VERSION = 5.0;
				TARGETED_DEVICE_FAMILY = "1,2";
			};
			name = Debug;
		};
		7110524B2CABECD7003E3980 /* Release */ = {
			isa = XCBuildConfiguration;
			buildSettings = {
				ASSETCATALOG_COMPILER_APPICON_NAME = AppIcon;
				ASSETCATALOG_COMPILER_GLOBAL_ACCENT_COLOR_NAME = AccentColor;
				CODE_SIGN_STYLE = Automatic;
				CURRENT_PROJECT_VERSION = 1;
				DEVELOPMENT_TEAM = 362JNJ8XPK;
				GENERATE_INFOPLIST_FILE = YES;
				INFOPLIST_FILE = cosnality/Info.plist;
				INFOPLIST_KEY_UIApplicationSupportsIndirectInputEvents = YES;
				INFOPLIST_KEY_UILaunchStoryboardName = LaunchScreen;
				INFOPLIST_KEY_UIMainStoryboardFile = Main;
				INFOPLIST_KEY_UISupportedInterfaceOrientations_iPad = "UIInterfaceOrientationPortrait UIInterfaceOrientationPortraitUpsideDown UIInterfaceOrientationLandscapeLeft UIInterfaceOrientationLandscapeRight";
				INFOPLIST_KEY_UISupportedInterfaceOrientations_iPhone = "UIInterfaceOrientationPortrait UIInterfaceOrientationLandscapeLeft UIInterfaceOrientationLandscapeRight";
				LD_RUNPATH_SEARCH_PATHS = (
					"$(inherited)",
					"@executable_path/Frameworks",
				);
				MARKETING_VERSION = 1.0;
				PRODUCT_BUNDLE_IDENTIFIER = tansxx.cosnality;
				PRODUCT_NAME = "$(TARGET_NAME)";
				SWIFT_EMIT_LOC_STRINGS = YES;
				SWIFT_VERSION = 5.0;
				TARGETED_DEVICE_FAMILY = "1,2";
			};
			name = Release;
		};
		7110524C2CABECD7003E3980 /* Debug */ = {
			isa = XCBuildConfiguration;
			buildSettings = {
				ALWAYS_SEARCH_USER_PATHS = NO;
				ASSETCATALOG_COMPILER_GENERATE_SWIFT_ASSET_SYMBOL_EXTENSIONS = YES;
				CLANG_ANALYZER_NONNULL = YES;
				CLANG_ANALYZER_NUMBER_OBJECT_CONVERSION = YES_AGGRESSIVE;
				CLANG_CXX_LANGUAGE_STANDARD = "gnu++20";
				CLANG_ENABLE_MODULES = YES;
				CLANG_ENABLE_OBJC_ARC = YES;
				CLANG_ENABLE_OBJC_WEAK = YES;
				CLANG_WARN_BLOCK_CAPTURE_AUTORELEASING = YES;
				CLANG_WARN_BOOL_CONVERSION = YES;
				CLANG_WARN_COMMA = YES;
				CLANG_WARN_CONSTANT_CONVERSION = YES;
				CLANG_WARN_DEPRECATED_OBJC_IMPLEMENTATIONS = YES;
				CLANG_WARN_DIRECT_OBJC_ISA_USAGE = YES_ERROR;
				CLANG_WARN_DOCUMENTATION_COMMENTS = YES;
				CLANG_WARN_EMPTY_BODY = YES;
				CLANG_WARN_ENUM_CONVERSION = YES;
				CLANG_WARN_INFINITE_RECURSION = YES;
				CLANG_WARN_INT_CONVERSION = YES;
				CLANG_WARN_NON_LITERAL_NULL_CONVERSION = YES;
				CLANG_WARN_OBJC_IMPLICIT_RETAIN_SELF = YES;
				CLANG_WARN_OBJC_LITERAL_CONVERSION = YES;
				CLANG_WARN_OBJC_ROOT_CLASS = YES_ERROR;
				CLANG_WARN_QUOTED_INCLUDE_IN_FRAMEWORK_HEADER = YES;
				CLANG_WARN_RANGE_LOOP_ANALYSIS = YES;
				CLANG_WARN_STRICT_PROTOTYPES = YES;
				CLANG_WARN_SUSPICIOUS_MOVE = YES;
				CLANG_WARN_UNGUARDED_AVAILABILITY = YES_AGGRESSIVE;
				CLANG_WARN_UNREACHABLE_CODE = YES;
				CLANG_WARN__DUPLICATE_METHOD_MATCH = YES;
				COPY_PHASE_STRIP = NO;
				DEBUG_INFORMATION_FORMAT = dwarf;
				ENABLE_STRICT_OBJC_MSGSEND = YES;
				ENABLE_TESTABILITY = YES;
				ENABLE_USER_SCRIPT_SANDBOXING = YES;
				GCC_C_LANGUAGE_STANDARD = gnu17;
				GCC_DYNAMIC_NO_PIC = NO;
				GCC_NO_COMMON_BLOCKS = YES;
				GCC_OPTIMIZATION_LEVEL = 0;
				GCC_PREPROCESSOR_DEFINITIONS = (
					"DEBUG=1",
					"$(inherited)",
				);
				GCC_WARN_64_TO_32_BIT_CONVERSION = YES;
				GCC_WARN_ABOUT_RETURN_TYPE = YES_ERROR;
				GCC_WARN_UNDECLARED_SELECTOR = YES;
				GCC_WARN_UNINITIALIZED_AUTOS = YES_AGGRESSIVE;
				GCC_WARN_UNUSED_FUNCTION = YES;
				GCC_WARN_UNUSED_VARIABLE = YES;
				IPHONEOS_DEPLOYMENT_TARGET = 18.0;
				LOCALIZATION_PREFERS_STRING_CATALOGS = YES;
				MTL_ENABLE_DEBUG_INFO = INCLUDE_SOURCE;
				MTL_FAST_MATH = YES;
				ONLY_ACTIVE_ARCH = YES;
				SDKROOT = iphoneos;
				SWIFT_ACTIVE_COMPILATION_CONDITIONS = "DEBUG $(inherited)";
				SWIFT_OPTIMIZATION_LEVEL = "-Onone";
			};
			name = Debug;
		};
		7110524D2CABECD7003E3980 /* Release */ = {
			isa = XCBuildConfiguration;
			buildSettings = {
				ALWAYS_SEARCH_USER_PATHS = NO;
				ASSETCATALOG_COMPILER_GENERATE_SWIFT_ASSET_SYMBOL_EXTENSIONS = YES;
				CLANG_ANALYZER_NONNULL = YES;
				CLANG_ANALYZER_NUMBER_OBJECT_CONVERSION = YES_AGGRESSIVE;
				CLANG_CXX_LANGUAGE_STANDARD = "gnu++20";
				CLANG_ENABLE_MODULES = YES;
				CLANG_ENABLE_OBJC_ARC = YES;
				CLANG_ENABLE_OBJC_WEAK = YES;
				CLANG_WARN_BLOCK_CAPTURE_AUTORELEASING = YES;
				CLANG_WARN_BOOL_CONVERSION = YES;
				CLANG_WARN_COMMA = YES;
				CLANG_WARN_CONSTANT_CONVERSION = YES;
				CLANG_WARN_DEPRECATED_OBJC_IMPLEMENTATIONS = YES;
				CLANG_WARN_DIRECT_OBJC_ISA_USAGE = YES_ERROR;
				CLANG_WARN_DOCUMENTATION_COMMENTS = YES;
				CLANG_WARN_EMPTY_BODY = YES;
				CLANG_WARN_ENUM_CONVERSION = YES;
				CLANG_WARN_INFINITE_RECURSION = YES;
				CLANG_WARN_INT_CONVERSION = YES;
				CLANG_WARN_NON_LITERAL_NULL_CONVERSION = YES;
				CLANG_WARN_OBJC_IMPLICIT_RETAIN_SELF = YES;
				CLANG_WARN_OBJC_LITERAL_CONVERSION = YES;
				CLANG_WARN_OBJC_ROOT_CLASS = YES_ERROR;
				CLANG_WARN_QUOTED_INCLUDE_IN_FRAMEWORK_HEADER = YES;
				CLANG_WARN_RANGE_LOOP_ANALYSIS = YES;
				CLANG_WARN_STRICT_PROTOTYPES = YES;
				CLANG_WARN_SUSPICIOUS_MOVE = YES;
				CLANG_WARN_UNGUARDED_AVAILABILITY = YES_AGGRESSIVE;
				CLANG_WARN_UNREACHABLE_CODE = YES;
				CLANG_WARN__DUPLICATE_METHOD_MATCH = YES;
				COPY_PHASE_STRIP = NO;
				DEBUG_INFORMATION_FORMAT = "dwarf-with-dsym";
				ENABLE_NS_ASSERTIONS = NO;
				ENABLE_STRICT_OBJC_MSGSEND = YES;
				ENABLE_USER_SCRIPT_SANDBOXING = YES;
				GCC_C_LANGUAGE_STANDARD = gnu17;
				GCC_NO_COMMON_BLOCKS = YES;
				GCC_WARN_64_TO_32_BIT_CONVERSION = YES;
				GCC_WARN_ABOUT_RETURN_TYPE = YES_ERROR;
				GCC_WARN_UNDECLARED_SELECTOR = YES;
				GCC_WARN_UNINITIALIZED_AUTOS = YES_AGGRESSIVE;
				GCC_WARN_UNUSED_FUNCTION = YES;
				GCC_WARN_UNUSED_VARIABLE = YES;
				IPHONEOS_DEPLOYMENT_TARGET = 18.0;
				LOCALIZATION_PREFERS_STRING_CATALOGS = YES;
				MTL_ENABLE_DEBUG_INFO = NO;
				MTL_FAST_MATH = YES;
				SDKROOT = iphoneos;
				SWIFT_COMPILATION_MODE = wholemodule;
				VALIDATE_PRODUCT = YES;
			};
			name = Release;
		};
		7110524F2CABECD7003E3980 /* Debug */ = {
			isa = XCBuildConfiguration;
			buildSettings = {
				BUNDLE_LOADER = "$(TEST_HOST)";
				CODE_SIGN_STYLE = Automatic;
				CURRENT_PROJECT_VERSION = 1;
				DEVELOPMENT_TEAM = 362JNJ8XPK;
				GENERATE_INFOPLIST_FILE = YES;
				IPHONEOS_DEPLOYMENT_TARGET = 18.0;
				MARKETING_VERSION = 1.0;
				PRODUCT_BUNDLE_IDENTIFIER = tansxx.cosnalityTests;
				PRODUCT_NAME = "$(TARGET_NAME)";
				SWIFT_EMIT_LOC_STRINGS = NO;
				SWIFT_VERSION = 5.0;
				TARGETED_DEVICE_FAMILY = "1,2";
				TEST_HOST = "$(BUILT_PRODUCTS_DIR)/cosnality.app/$(BUNDLE_EXECUTABLE_FOLDER_PATH)/cosnality";
			};
			name = Debug;
		};
		711052502CABECD7003E3980 /* Release */ = {
			isa = XCBuildConfiguration;
			buildSettings = {
				BUNDLE_LOADER = "$(TEST_HOST)";
				CODE_SIGN_STYLE = Automatic;
				CURRENT_PROJECT_VERSION = 1;
				DEVELOPMENT_TEAM = 362JNJ8XPK;
				GENERATE_INFOPLIST_FILE = YES;
				IPHONEOS_DEPLOYMENT_TARGET = 18.0;
				MARKETING_VERSION = 1.0;
				PRODUCT_BUNDLE_IDENTIFIER = tansxx.cosnalityTests;
				PRODUCT_NAME = "$(TARGET_NAME)";
				SWIFT_EMIT_LOC_STRINGS = NO;
				SWIFT_VERSION = 5.0;
				TARGETED_DEVICE_FAMILY = "1,2";
				TEST_HOST = "$(BUILT_PRODUCTS_DIR)/cosnality.app/$(BUNDLE_EXECUTABLE_FOLDER_PATH)/cosnality";
			};
			name = Release;
		};
		711052522CABECD7003E3980 /* Debug */ = {
			isa = XCBuildConfiguration;
			buildSettings = {
				CODE_SIGN_STYLE = Automatic;
				CURRENT_PROJECT_VERSION = 1;
				DEVELOPMENT_TEAM = 362JNJ8XPK;
				GENERATE_INFOPLIST_FILE = YES;
				MARKETING_VERSION = 1.0;
				PRODUCT_BUNDLE_IDENTIFIER = tansxx.cosnalityUITests;
				PRODUCT_NAME = "$(TARGET_NAME)";
				SWIFT_EMIT_LOC_STRINGS = NO;
				SWIFT_VERSION = 5.0;
				TARGETED_DEVICE_FAMILY = "1,2";
				TEST_TARGET_NAME = cosnality;
			};
			name = Debug;
		};
		711052532CABECD7003E3980 /* Release */ = {
			isa = XCBuildConfiguration;
			buildSettings = {
				CODE_SIGN_STYLE = Automatic;
				CURRENT_PROJECT_VERSION = 1;
				DEVELOPMENT_TEAM = 362JNJ8XPK;
				GENERATE_INFOPLIST_FILE = YES;
				MARKETING_VERSION = 1.0;
				PRODUCT_BUNDLE_IDENTIFIER = tansxx.cosnalityUITests;
				PRODUCT_NAME = "$(TARGET_NAME)";
				SWIFT_EMIT_LOC_STRINGS = NO;
				SWIFT_VERSION = 5.0;
				TARGETED_DEVICE_FAMILY = "1,2";
				TEST_TARGET_NAME = cosnality;
			};
			name = Release;
		};
/* End XCBuildConfiguration section */

/* Begin XCConfigurationList section */
		7110521B2CABECD5003E3980 /* Build configuration list for PBXProject "cosnality" */ = {
			isa = XCConfigurationList;
			buildConfigurations = (
				7110524C2CABECD7003E3980 /* Debug */,
				7110524D2CABECD7003E3980 /* Release */,
			);
			defaultConfigurationIsVisible = 0;
			defaultConfigurationName = Release;
		};
		711052492CABECD7003E3980 /* Build configuration list for PBXNativeTarget "cosnality" */ = {
			isa = XCConfigurationList;
			buildConfigurations = (
				7110524A2CABECD7003E3980 /* Debug */,
				7110524B2CABECD7003E3980 /* Release */,
			);
			defaultConfigurationIsVisible = 0;
			defaultConfigurationName = Release;
		};
		7110524E2CABECD7003E3980 /* Build configuration list for PBXNativeTarget "cosnalityTests" */ = {
			isa = XCConfigurationList;
			buildConfigurations = (
				7110524F2CABECD7003E3980 /* Debug */,
				711052502CABECD7003E3980 /* Release */,
			);
			defaultConfigurationIsVisible = 0;
			defaultConfigurationName = Release;
		};
		711052512CABECD7003E3980 /* Build configuration list for PBXNativeTarget "cosnalityUITests" */ = {
			isa = XCConfigurationList;
			buildConfigurations = (
				711052522CABECD7003E3980 /* Debug */,
				711052532CABECD7003E3980 /* Release */,
			);
			defaultConfigurationIsVisible = 0;
			defaultConfigurationName = Release;
		};
/* End XCConfigurationList section */
	};
	rootObject = 711052182CABECD5003E3980 /* Project object */;
}
